{
    "name": "clarifai",
    "version": "1.0.0",
    "lockfileVersion": 3,
    "requires": true,
    "packages": {
        "": {
            "name": "clarifai",
            "version": "1.0.0",
            "license": "ISC",
            "dependencies": {
                "@types/dom-chromium-ai": "^0.0.14"
            }
        },
        "node_modules/@types/dom-chromium-ai": {
            "version": "0.0.14",
            "resolved": "https://registry.npmjs.org/@types/dom-chromium-ai/-/dom-chromium-ai-0.0.14.tgz",
            "integrity": "sha512-inGI/sSihVWbJUt4jXZqjcdT8lee3BZHyhbBOafR4wVS8JYQ9u9XoWW6kcvJazhAyAlJ6lL7V6wxoFvnomEKTA==",
            "license": "MIT"
        }
    }
}
